// !$*UTF8*$!
{
	archiveVersion = 1;
	classes = {
	};
	objectVersion = 50;
	objects = {

/* Begin PBXBuildFile section */
		8A064B04222384F6001EF16C /* PickSeatViewController.swift in Sources */ = {isa = PBXBuildFile; fileRef = 8A064AFE222384F5001EF16C /* PickSeatViewController.swift */; };
		8A064B05222384F6001EF16C /* EticketViewController.swift in Sources */ = {isa = PBXBuildFile; fileRef = 8A064AFF222384F5001EF16C /* EticketViewController.swift */; };
		8A064B06222384F6001EF16C /* PickSeat.storyboard in Resources */ = {isa = PBXBuildFile; fileRef = 8A064B00222384F5001EF16C /* PickSeat.storyboard */; };
		8A064B07222384F6001EF16C /* SectionHeaderCollectionReusableView.swift in Sources */ = {isa = PBXBuildFile; fileRef = 8A064B01222384F6001EF16C /* SectionHeaderCollectionReusableView.swift */; };
		8A064B08222384F6001EF16C /* SeatCollectionViewCell.swift in Sources */ = {isa = PBXBuildFile; fileRef = 8A064B02222384F6001EF16C /* SeatCollectionViewCell.swift */; };
		8A064B09222384F6001EF16C /* Eticket.storyboard in Resources */ = {isa = PBXBuildFile; fileRef = 8A064B03222384F6001EF16C /* Eticket.storyboard */; };
		8A223D41222781F700712446 /* ItemCollectionViewCell.xib in Resources */ = {isa = PBXBuildFile; fileRef = 8A223D3D222781F600712446 /* ItemCollectionViewCell.xib */; };
		8A223D42222781F700712446 /* CustomLayout.swift in Sources */ = {isa = PBXBuildFile; fileRef = 8A223D3E222781F700712446 /* CustomLayout.swift */; };
		8A223D43222781F700712446 /* ImageViewerViewController.swift in Sources */ = {isa = PBXBuildFile; fileRef = 8A223D3F222781F700712446 /* ImageViewerViewController.swift */; };
		8A223D44222781F700712446 /* ItemCollectionViewCell.swift in Sources */ = {isa = PBXBuildFile; fileRef = 8A223D40222781F700712446 /* ItemCollectionViewCell.swift */; };
		8A223D512227952000712446 /* IndexReturnable.swift in Sources */ = {isa = PBXBuildFile; fileRef = 8A223D4D2227951F00712446 /* IndexReturnable.swift */; };
		8A223D522227952000712446 /* DummyDataSource.swift in Sources */ = {isa = PBXBuildFile; fileRef = 8A223D4E2227951F00712446 /* DummyDataSource.swift */; };
		8A223D532227952000712446 /* GenericViewModel.swift in Sources */ = {isa = PBXBuildFile; fileRef = 8A223D4F2227952000712446 /* GenericViewModel.swift */; };
		8A223D542227952000712446 /* CustomSegmentedControl.swift in Sources */ = {isa = PBXBuildFile; fileRef = 8A223D502227952000712446 /* CustomSegmentedControl.swift */; };
		8A223D5D2227DAC500712446 /* VideoViewController.swift in Sources */ = {isa = PBXBuildFile; fileRef = 8A223D5A2227DAC400712446 /* VideoViewController.swift */; };
		8A223D5E2227DAC500712446 /* FavoriteViewController.swift in Sources */ = {isa = PBXBuildFile; fileRef = 8A223D5B2227DAC400712446 /* FavoriteViewController.swift */; };
		8A230FB12223838600DAC948 /* UIDropDown.swift in Sources */ = {isa = PBXBuildFile; fileRef = 8A230FB02223838600DAC948 /* UIDropDown.swift */; };
		8A362761221BC93E001F6B77 /* CustomView.swift in Sources */ = {isa = PBXBuildFile; fileRef = 8A362760221BC93E001F6B77 /* CustomView.swift */; };
		8ABBC2C6221BBB8900388D7A /* AppDelegate.swift in Sources */ = {isa = PBXBuildFile; fileRef = 8ABBC2C5221BBB8900388D7A /* AppDelegate.swift */; };
		8ABBC2D0221BBB8A00388D7A /* LaunchScreen.storyboard in Resources */ = {isa = PBXBuildFile; fileRef = 8ABBC2CE221BBB8A00388D7A /* LaunchScreen.storyboard */; };
		8ABBC2DB221BBB8A00388D7A /* PlanesTests.swift in Sources */ = {isa = PBXBuildFile; fileRef = 8ABBC2DA221BBB8A00388D7A /* PlanesTests.swift */; };
		8ABBC2E6221BBB8A00388D7A /* PlanesUITests.swift in Sources */ = {isa = PBXBuildFile; fileRef = 8ABBC2E5221BBB8A00388D7A /* PlanesUITests.swift */; };
		8ABBC2F4221BBBCE00388D7A /* Media.xcassets in Resources */ = {isa = PBXBuildFile; fileRef = 8ABBC2F3221BBBCE00388D7A /* Media.xcassets */; };
		8ABBC2F6221BBBE500388D7A /* Main.storyboard in Resources */ = {isa = PBXBuildFile; fileRef = 8ABBC2F5221BBBE500388D7A /* Main.storyboard */; };
		8ABBC2F8221BBC0700388D7A /* HomeViewController.swift in Sources */ = {isa = PBXBuildFile; fileRef = 8ABBC2F7221BBC0700388D7A /* HomeViewController.swift */; };
		8ABBC2FA221BBC2B00388D7A /* SearchViewController.swift in Sources */ = {isa = PBXBuildFile; fileRef = 8ABBC2F9221BBC2A00388D7A /* SearchViewController.swift */; };
		8ABBC2FC221BBC3D00388D7A /* SearchCell.swift in Sources */ = {isa = PBXBuildFile; fileRef = 8ABBC2FB221BBC3D00388D7A /* SearchCell.swift */; };
		8ABBC2FE221BBC4500388D7A /* SearchCell1.swift in Sources */ = {isa = PBXBuildFile; fileRef = 8ABBC2FD221BBC4500388D7A /* SearchCell1.swift */; };
		8ABBC300221BBC5100388D7A /* SearchTableViewCell.swift in Sources */ = {isa = PBXBuildFile; fileRef = 8ABBC2FF221BBC5100388D7A /* SearchTableViewCell.swift */; };
		8ABBC302221BBC5600388D7A /* SearchTableViewCell1.swift in Sources */ = {isa = PBXBuildFile; fileRef = 8ABBC301221BBC5600388D7A /* SearchTableViewCell1.swift */; };
/* End PBXBuildFile section */

/* Begin PBXContainerItemProxy section */
		8ABBC2D7221BBB8A00388D7A /* PBXContainerItemProxy */ = {
			isa = PBXContainerItemProxy;
			containerPortal = 8ABBC2BA221BBB8900388D7A /* Project object */;
			proxyType = 1;
			remoteGlobalIDString = 8ABBC2C1221BBB8900388D7A;
			remoteInfo = Planes;
		};
		8ABBC2E2221BBB8A00388D7A /* PBXContainerItemProxy */ = {
			isa = PBXContainerItemProxy;
			containerPortal = 8ABBC2BA221BBB8900388D7A /* Project object */;
			proxyType = 1;
			remoteGlobalIDString = 8ABBC2C1221BBB8900388D7A;
			remoteInfo = Planes;
		};
/* End PBXContainerItemProxy section */

/* Begin PBXFileReference section */
		8A064AFE222384F5001EF16C /* PickSeatViewController.swift */ = {isa = PBXFileReference; fileEncoding = 4; lastKnownFileType = sourcecode.swift; path = PickSeatViewController.swift; sourceTree = "<group>"; };
		8A064AFF222384F5001EF16C /* EticketViewController.swift */ = {isa = PBXFileReference; fileEncoding = 4; lastKnownFileType = sourcecode.swift; path = EticketViewController.swift; sourceTree = "<group>"; };
		8A064B00222384F5001EF16C /* PickSeat.storyboard */ = {isa = PBXFileReference; fileEncoding = 4; lastKnownFileType = file.storyboard; path = PickSeat.storyboard; sourceTree = "<group>"; };
		8A064B01222384F6001EF16C /* SectionHeaderCollectionReusableView.swift */ = {isa = PBXFileReference; fileEncoding = 4; lastKnownFileType = sourcecode.swift; path = SectionHeaderCollectionReusableView.swift; sourceTree = "<group>"; };
		8A064B02222384F6001EF16C /* SeatCollectionViewCell.swift */ = {isa = PBXFileReference; fileEncoding = 4; lastKnownFileType = sourcecode.swift; path = SeatCollectionViewCell.swift; sourceTree = "<group>"; };
		8A064B03222384F6001EF16C /* Eticket.storyboard */ = {isa = PBXFileReference; fileEncoding = 4; lastKnownFileType = file.storyboard; path = Eticket.storyboard; sourceTree = "<group>"; };
		8A223D3D222781F600712446 /* ItemCollectionViewCell.xib */ = {isa = PBXFileReference; fileEncoding = 4; lastKnownFileType = file.xib; name = ItemCollectionViewCell.xib; path = ../../../../Downloads/completed/Dogstagram/ItemCollectionViewCell.xib; sourceTree = "<group>"; };
		8A223D3E222781F700712446 /* CustomLayout.swift */ = {isa = PBXFileReference; fileEncoding = 4; lastKnownFileType = sourcecode.swift; name = CustomLayout.swift; path = ../../../../Downloads/completed/Dogstagram/CustomLayout.swift; sourceTree = "<group>"; };
		8A223D3F222781F700712446 /* ImageViewerViewController.swift */ = {isa = PBXFileReference; fileEncoding = 4; lastKnownFileType = sourcecode.swift; name = ImageViewerViewController.swift; path = ../../../../Downloads/completed/Dogstagram/ImageViewerViewController.swift; sourceTree = "<group>"; };
		8A223D40222781F700712446 /* ItemCollectionViewCell.swift */ = {isa = PBXFileReference; fileEncoding = 4; lastKnownFileType = sourcecode.swift; name = ItemCollectionViewCell.swift; path = ../../../../Downloads/completed/Dogstagram/ItemCollectionViewCell.swift; sourceTree = "<group>"; };
		8A223D4D2227951F00712446 /* IndexReturnable.swift */ = {isa = PBXFileReference; lastKnownFileType = sourcecode.swift; path = IndexReturnable.swift; sourceTree = "<group>"; };
		8A223D4E2227951F00712446 /* DummyDataSource.swift */ = {isa = PBXFileReference; lastKnownFileType = sourcecode.swift; path = DummyDataSource.swift; sourceTree = "<group>"; };
		8A223D4F2227952000712446 /* GenericViewModel.swift */ = {isa = PBXFileReference; lastKnownFileType = sourcecode.swift; path = GenericViewModel.swift; sourceTree = "<group>"; };
		8A223D502227952000712446 /* CustomSegmentedControl.swift */ = {isa = PBXFileReference; lastKnownFileType = sourcecode.swift; path = CustomSegmentedControl.swift; sourceTree = "<group>"; };
		8A223D5A2227DAC400712446 /* VideoViewController.swift */ = {isa = PBXFileReference; fileEncoding = 4; lastKnownFileType = sourcecode.swift; name = VideoViewController.swift; path = ../../../../Downloads/TabbarApp/TabbarApp/VideoViewController.swift; sourceTree = "<group>"; };
		8A223D5B2227DAC400712446 /* FavoriteViewController.swift */ = {isa = PBXFileReference; fileEncoding = 4; lastKnownFileType = sourcecode.swift; name = FavoriteViewController.swift; path = ../../../../Downloads/TabbarApp/TabbarApp/FavoriteViewController.swift; sourceTree = "<group>"; };
		8A230FB02223838600DAC948 /* UIDropDown.swift */ = {isa = PBXFileReference; lastKnownFileType = sourcecode.swift; name = UIDropDown.swift; path = "../../../../Downloads/UIDropDown-master 2/ExampleApp/UIDropDown/UIDropDown.swift"; sourceTree = "<group>"; };
		8A362760221BC93E001F6B77 /* CustomView.swift */ = {isa = PBXFileReference; lastKnownFileType = sourcecode.swift; path = CustomView.swift; sourceTree = "<group>"; };
		8ABBC2C2221BBB8900388D7A /* Planes.app */ = {isa = PBXFileReference; explicitFileType = wrapper.application; includeInIndex = 0; path = Planes.app; sourceTree = BUILT_PRODUCTS_DIR; };
		8ABBC2C5221BBB8900388D7A /* AppDelegate.swift */ = {isa = PBXFileReference; lastKnownFileType = sourcecode.swift; path = AppDelegate.swift; sourceTree = "<group>"; };
		8ABBC2CF221BBB8A00388D7A /* Base */ = {isa = PBXFileReference; lastKnownFileType = file.storyboard; name = Base; path = Base.lproj/LaunchScreen.storyboard; sourceTree = "<group>"; };
		8ABBC2D1221BBB8A00388D7A /* Info.plist */ = {isa = PBXFileReference; lastKnownFileType = text.plist.xml; path = Info.plist; sourceTree = "<group>"; };
		8ABBC2D6221BBB8A00388D7A /* PlanesTests.xctest */ = {isa = PBXFileReference; explicitFileType = wrapper.cfbundle; includeInIndex = 0; path = PlanesTests.xctest; sourceTree = BUILT_PRODUCTS_DIR; };
		8ABBC2DA221BBB8A00388D7A /* PlanesTests.swift */ = {isa = PBXFileReference; lastKnownFileType = sourcecode.swift; path = PlanesTests.swift; sourceTree = "<group>"; };
		8ABBC2DC221BBB8A00388D7A /* Info.plist */ = {isa = PBXFileReference; lastKnownFileType = text.plist.xml; path = Info.plist; sourceTree = "<group>"; };
		8ABBC2E1221BBB8A00388D7A /* PlanesUITests.xctest */ = {isa = PBXFileReference; explicitFileType = wrapper.cfbundle; includeInIndex = 0; path = PlanesUITests.xctest; sourceTree = BUILT_PRODUCTS_DIR; };
		8ABBC2E5221BBB8A00388D7A /* PlanesUITests.swift */ = {isa = PBXFileReference; lastKnownFileType = sourcecode.swift; path = PlanesUITests.swift; sourceTree = "<group>"; };
		8ABBC2E7221BBB8A00388D7A /* Info.plist */ = {isa = PBXFileReference; lastKnownFileType = text.plist.xml; path = Info.plist; sourceTree = "<group>"; };
		8ABBC2F3221BBBCE00388D7A /* Media.xcassets */ = {isa = PBXFileReference; lastKnownFileType = folder.assetcatalog; path = Media.xcassets; sourceTree = "<group>"; };
		8ABBC2F5221BBBE500388D7A /* Main.storyboard */ = {isa = PBXFileReference; fileEncoding = 4; lastKnownFileType = file.storyboard; path = Main.storyboard; sourceTree = "<group>"; };
		8ABBC2F7221BBC0700388D7A /* HomeViewController.swift */ = {isa = PBXFileReference; fileEncoding = 4; lastKnownFileType = sourcecode.swift; path = HomeViewController.swift; sourceTree = "<group>"; };
		8ABBC2F9221BBC2A00388D7A /* SearchViewController.swift */ = {isa = PBXFileReference; fileEncoding = 4; lastKnownFileType = sourcecode.swift; path = SearchViewController.swift; sourceTree = "<group>"; };
		8ABBC2FB221BBC3D00388D7A /* SearchCell.swift */ = {isa = PBXFileReference; fileEncoding = 4; lastKnownFileType = sourcecode.swift; path = SearchCell.swift; sourceTree = "<group>"; };
		8ABBC2FD221BBC4500388D7A /* SearchCell1.swift */ = {isa = PBXFileReference; fileEncoding = 4; lastKnownFileType = sourcecode.swift; path = SearchCell1.swift; sourceTree = "<group>"; };
		8ABBC2FF221BBC5100388D7A /* SearchTableViewCell.swift */ = {isa = PBXFileReference; fileEncoding = 4; lastKnownFileType = sourcecode.swift; path = SearchTableViewCell.swift; sourceTree = "<group>"; };
		8ABBC301221BBC5600388D7A /* SearchTableViewCell1.swift */ = {isa = PBXFileReference; fileEncoding = 4; lastKnownFileType = sourcecode.swift; path = SearchTableViewCell1.swift; sourceTree = "<group>"; };
/* End PBXFileReference section */

/* Begin PBXFrameworksBuildPhase section */
		8ABBC2BF221BBB8900388D7A /* Frameworks */ = {
			isa = PBXFrameworksBuildPhase;
			buildActionMask = 2147483647;
			files = (
			);
			runOnlyForDeploymentPostprocessing = 0;
		};
		8ABBC2D3221BBB8A00388D7A /* Frameworks */ = {
			isa = PBXFrameworksBuildPhase;
			buildActionMask = 2147483647;
			files = (
			);
			runOnlyForDeploymentPostprocessing = 0;
		};
		8ABBC2DE221BBB8A00388D7A /* Frameworks */ = {
			isa = PBXFrameworksBuildPhase;
			buildActionMask = 2147483647;
			files = (
			);
			runOnlyForDeploymentPostprocessing = 0;
		};
/* End PBXFrameworksBuildPhase section */

/* Begin PBXGroup section */
		8A064AFC2223843A001EF16C /* Cell */ = {
			isa = PBXGroup;
			children = (
				8A064AFD2223844A001EF16C /* Cell1 */,
				8ABBC2FB221BBC3D00388D7A /* SearchCell.swift */,
				8ABBC2FF221BBC5100388D7A /* SearchTableViewCell.swift */,
			);
			path = Cell;
			sourceTree = "<group>";
		};
		8A064AFD2223844A001EF16C /* Cell1 */ = {
			isa = PBXGroup;
			children = (
				8ABBC2FD221BBC4500388D7A /* SearchCell1.swift */,
				8ABBC301221BBC5600388D7A /* SearchTableViewCell1.swift */,
			);
			path = Cell1;
			sourceTree = "<group>";
		};
		8A230FAC2223834600DAC948 /* HomeView */ = {
			isa = PBXGroup;
			children = (
				8ABBC2F7221BBC0700388D7A /* HomeViewController.swift */,
				8A223D3E222781F700712446 /* CustomLayout.swift */,
				8A223D3F222781F700712446 /* ImageViewerViewController.swift */,
				8A223D40222781F700712446 /* ItemCollectionViewCell.swift */,
				8A223D3D222781F600712446 /* ItemCollectionViewCell.xib */,
				8A223D5B2227DAC400712446 /* FavoriteViewController.swift */,
				8A223D5A2227DAC400712446 /* VideoViewController.swift */,
			);
			path = HomeView;
			sourceTree = "<group>";
		};
		8A230FAD2223836D00DAC948 /* SearchView */ = {
			isa = PBXGroup;
			children = (
				8A064AFC2223843A001EF16C /* Cell */,
				8ABBC2F9221BBC2A00388D7A /* SearchViewController.swift */,
				8A362760221BC93E001F6B77 /* CustomView.swift */,
				8A230FB02223838600DAC948 /* UIDropDown.swift */,
				8A223D4E2227951F00712446 /* DummyDataSource.swift */,
				8A223D4F2227952000712446 /* GenericViewModel.swift */,
				8A223D4D2227951F00712446 /* IndexReturnable.swift */,
				8A223D502227952000712446 /* CustomSegmentedControl.swift */,
			);
			path = SearchView;
			sourceTree = "<group>";
		};
		8A5D03A622238F9A00205E45 /* EticketView */ = {
			isa = PBXGroup;
			children = (
				8A064AFF222384F5001EF16C /* EticketViewController.swift */,
			);
			path = EticketView;
			sourceTree = "<group>";
		};
		8A5D03A722238FC200205E45 /* PickSeatView */ = {
			isa = PBXGroup;
			children = (
				8A064AFE222384F5001EF16C /* PickSeatViewController.swift */,
				8A064B02222384F6001EF16C /* SeatCollectionViewCell.swift */,
				8A064B01222384F6001EF16C /* SectionHeaderCollectionReusableView.swift */,
			);
			path = PickSeatView;
			sourceTree = "<group>";
		};
		8ABBC2B9221BBB8900388D7A = {
			isa = PBXGroup;
			children = (
				8ABBC2C4221BBB8900388D7A /* Planes */,
				8ABBC2D9221BBB8A00388D7A /* PlanesTests */,
				8ABBC2E4221BBB8A00388D7A /* PlanesUITests */,
				8ABBC2C3221BBB8900388D7A /* Products */,
			);
			sourceTree = "<group>";
		};
		8ABBC2C3221BBB8900388D7A /* Products */ = {
			isa = PBXGroup;
			children = (
				8ABBC2C2221BBB8900388D7A /* Planes.app */,
				8ABBC2D6221BBB8A00388D7A /* PlanesTests.xctest */,
				8ABBC2E1221BBB8A00388D7A /* PlanesUITests.xctest */,
			);
			name = Products;
			sourceTree = "<group>";
		};
		8ABBC2C4221BBB8900388D7A /* Planes */ = {
			isa = PBXGroup;
			children = (
				8ABBC2C5221BBB8900388D7A /* AppDelegate.swift */,
				8A230FAC2223834600DAC948 /* HomeView */,
				8A230FAD2223836D00DAC948 /* SearchView */,
				8A5D03A722238FC200205E45 /* PickSeatView */,
				8A5D03A622238F9A00205E45 /* EticketView */,
				8ABBC2F5221BBBE500388D7A /* Main.storyboard */,
				8A064B03222384F6001EF16C /* Eticket.storyboard */,
				8A064B00222384F5001EF16C /* PickSeat.storyboard */,
				8ABBC2CE221BBB8A00388D7A /* LaunchScreen.storyboard */,
				8ABBC2F3221BBBCE00388D7A /* Media.xcassets */,
				8ABBC2D1221BBB8A00388D7A /* Info.plist */,
			);
			path = Planes;
			sourceTree = "<group>";
		};
		8ABBC2D9221BBB8A00388D7A /* PlanesTests */ = {
			isa = PBXGroup;
			children = (
				8ABBC2DA221BBB8A00388D7A /* PlanesTests.swift */,
				8ABBC2DC221BBB8A00388D7A /* Info.plist */,
			);
			path = PlanesTests;
			sourceTree = "<group>";
		};
		8ABBC2E4221BBB8A00388D7A /* PlanesUITests */ = {
			isa = PBXGroup;
			children = (
				8ABBC2E5221BBB8A00388D7A /* PlanesUITests.swift */,
				8ABBC2E7221BBB8A00388D7A /* Info.plist */,
			);
			path = PlanesUITests;
			sourceTree = "<group>";
		};
/* End PBXGroup section */

/* Begin PBXNativeTarget section */
		8ABBC2C1221BBB8900388D7A /* Planes */ = {
			isa = PBXNativeTarget;
			buildConfigurationList = 8ABBC2EA221BBB8A00388D7A /* Build configuration list for PBXNativeTarget "Planes" */;
			buildPhases = (
				8ABBC2BE221BBB8900388D7A /* Sources */,
				8ABBC2BF221BBB8900388D7A /* Frameworks */,
				8ABBC2C0221BBB8900388D7A /* Resources */,
			);
			buildRules = (
			);
			dependencies = (
			);
			name = Planes;
			productName = Planes;
			productReference = 8ABBC2C2221BBB8900388D7A /* Planes.app */;
			productType = "com.apple.product-type.application";
		};
		8ABBC2D5221BBB8A00388D7A /* PlanesTests */ = {
			isa = PBXNativeTarget;
			buildConfigurationList = 8ABBC2ED221BBB8A00388D7A /* Build configuration list for PBXNativeTarget "PlanesTests" */;
			buildPhases = (
				8ABBC2D2221BBB8A00388D7A /* Sources */,
				8ABBC2D3221BBB8A00388D7A /* Frameworks */,
				8ABBC2D4221BBB8A00388D7A /* Resources */,
			);
			buildRules = (
			);
			dependencies = (
				8ABBC2D8221BBB8A00388D7A /* PBXTargetDependency */,
			);
			name = PlanesTests;
			productName = PlanesTests;
			productReference = 8ABBC2D6221BBB8A00388D7A /* PlanesTests.xctest */;
			productType = "com.apple.product-type.bundle.unit-test";
		};
		8ABBC2E0221BBB8A00388D7A /* PlanesUITests */ = {
			isa = PBXNativeTarget;
			buildConfigurationList = 8ABBC2F0221BBB8A00388D7A /* Build configuration list for PBXNativeTarget "PlanesUITests" */;
			buildPhases = (
				8ABBC2DD221BBB8A00388D7A /* Sources */,
				8ABBC2DE221BBB8A00388D7A /* Frameworks */,
				8ABBC2DF221BBB8A00388D7A /* Resources */,
			);
			buildRules = (
			);
			dependencies = (
				8ABBC2E3221BBB8A00388D7A /* PBXTargetDependency */,
			);
			name = PlanesUITests;
			productName = PlanesUITests;
			productReference = 8ABBC2E1221BBB8A00388D7A /* PlanesUITests.xctest */;
			productType = "com.apple.product-type.bundle.ui-testing";
		};
/* End PBXNativeTarget section */

/* Begin PBXProject section */
		8ABBC2BA221BBB8900388D7A /* Project object */ = {
			isa = PBXProject;
			attributes = {
				LastSwiftUpdateCheck = 0940;
				LastUpgradeCheck = 0940;
				ORGANIZATIONNAME = "Pham Anh Tuan";
				TargetAttributes = {
					8ABBC2C1221BBB8900388D7A = {
						CreatedOnToolsVersion = 9.4.1;
					};
					8ABBC2D5221BBB8A00388D7A = {
						CreatedOnToolsVersion = 9.4.1;
						TestTargetID = 8ABBC2C1221BBB8900388D7A;
					};
					8ABBC2E0221BBB8A00388D7A = {
						CreatedOnToolsVersion = 9.4.1;
						TestTargetID = 8ABBC2C1221BBB8900388D7A;
					};
				};
			};
			buildConfigurationList = 8ABBC2BD221BBB8900388D7A /* Build configuration list for PBXProject "Planes" */;
			compatibilityVersion = "Xcode 9.3";
			developmentRegion = en;
			hasScannedForEncodings = 0;
			knownRegions = (
				en,
				Base,
			);
			mainGroup = 8ABBC2B9221BBB8900388D7A;
			productRefGroup = 8ABBC2C3221BBB8900388D7A /* Products */;
			projectDirPath = "";
			projectRoot = "";
			targets = (
				8ABBC2C1221BBB8900388D7A /* Planes */,
				8ABBC2D5221BBB8A00388D7A /* PlanesTests */,
				8ABBC2E0221BBB8A00388D7A /* PlanesUITests */,
			);
		};
/* End PBXProject section */

/* Begin PBXResourcesBuildPhase section */
		8ABBC2C0221BBB8900388D7A /* Resources */ = {
			isa = PBXResourcesBuildPhase;
			buildActionMask = 2147483647;
			files = (
				8ABBC2F6221BBBE500388D7A /* Main.storyboard in Resources */,
				8A064B09222384F6001EF16C /* Eticket.storyboard in Resources */,
				8ABBC2F4221BBBCE00388D7A /* Media.xcassets in Resources */,
				8A223D41222781F700712446 /* ItemCollectionViewCell.xib in Resources */,
				8A064B06222384F6001EF16C /* PickSeat.storyboard in Resources */,
				8ABBC2D0221BBB8A00388D7A /* LaunchScreen.storyboard in Resources */,
			);
			runOnlyForDeploymentPostprocessing = 0;
		};
		8ABBC2D4221BBB8A00388D7A /* Resources */ = {
			isa = PBXResourcesBuildPhase;
			buildActionMask = 2147483647;
			files = (
			);
			runOnlyForDeploymentPostprocessing = 0;
		};
		8ABBC2DF221BBB8A00388D7A /* Resources */ = {
			isa = PBXResourcesBuildPhase;
			buildActionMask = 2147483647;
			files = (
			);
			runOnlyForDeploymentPostprocessing = 0;
		};
/* End PBXResourcesBuildPhase section */

/* Begin PBXSourcesBuildPhase section */
		8ABBC2BE221BBB8900388D7A /* Sources */ = {
			isa = PBXSourcesBuildPhase;
			buildActionMask = 2147483647;
			files = (
				8ABBC2FE221BBC4500388D7A /* SearchCell1.swift in Sources */,
				8A223D5D2227DAC500712446 /* VideoViewController.swift in Sources */,
				8A223D522227952000712446 /* DummyDataSource.swift in Sources */,
				8A064B08222384F6001EF16C /* SeatCollectionViewCell.swift in Sources */,
				8ABBC2FA221BBC2B00388D7A /* SearchViewController.swift in Sources */,
				8A223D43222781F700712446 /* ImageViewerViewController.swift in Sources */,
				8ABBC302221BBC5600388D7A /* SearchTableViewCell1.swift in Sources */,
				8A223D512227952000712446 /* IndexReturnable.swift in Sources */,
				8A362761221BC93E001F6B77 /* CustomView.swift in Sources */,
				8A230FB12223838600DAC948 /* UIDropDown.swift in Sources */,
				8A064B05222384F6001EF16C /* EticketViewController.swift in Sources */,
				8A223D5E2227DAC500712446 /* FavoriteViewController.swift in Sources */,
				8A223D532227952000712446 /* GenericViewModel.swift in Sources */,
				8ABBC2FC221BBC3D00388D7A /* SearchCell.swift in Sources */,
				8A223D42222781F700712446 /* CustomLayout.swift in Sources */,
				8A064B04222384F6001EF16C /* PickSeatViewController.swift in Sources */,
				8ABBC300221BBC5100388D7A /* SearchTableViewCell.swift in Sources */,
				8A064B07222384F6001EF16C /* SectionHeaderCollectionReusableView.swift in Sources */,
				8A223D44222781F700712446 /* ItemCollectionViewCell.swift in Sources */,
				8ABBC2C6221BBB8900388D7A /* AppDelegate.swift in Sources */,
				8ABBC2F8221BBC0700388D7A /* HomeViewController.swift in Sources */,
				8A223D542227952000712446 /* CustomSegmentedControl.swift in Sources */,
			);
			runOnlyForDeploymentPostprocessing = 0;
		};
		8ABBC2D2221BBB8A00388D7A /* Sources */ = {
			isa = PBXSourcesBuildPhase;
			buildActionMask = 2147483647;
			files = (
				8ABBC2DB221BBB8A00388D7A /* PlanesTests.swift in Sources */,
			);
			runOnlyForDeploymentPostprocessing = 0;
		};
		8ABBC2DD221BBB8A00388D7A /* Sources */ = {
			isa = PBXSourcesBuildPhase;
			buildActionMask = 2147483647;
			files = (
				8ABBC2E6221BBB8A00388D7A /* PlanesUITests.swift in Sources */,
			);
			runOnlyForDeploymentPostprocessing = 0;
		};
/* End PBXSourcesBuildPhase section */

/* Begin PBXTargetDependency section */
		8ABBC2D8221BBB8A00388D7A /* PBXTargetDependency */ = {
			isa = PBXTargetDependency;
			target = 8ABBC2C1221BBB8900388D7A /* Planes */;
			targetProxy = 8ABBC2D7221BBB8A00388D7A /* PBXContainerItemProxy */;
		};
		8ABBC2E3221BBB8A00388D7A /* PBXTargetDependency */ = {
			isa = PBXTargetDependency;
			target = 8ABBC2C1221BBB8900388D7A /* Planes */;
			targetProxy = 8ABBC2E2221BBB8A00388D7A /* PBXContainerItemProxy */;
		};
/* End PBXTargetDependency section */

/* Begin PBXVariantGroup section */
		8ABBC2CE221BBB8A00388D7A /* LaunchScreen.storyboard */ = {
			isa = PBXVariantGroup;
			children = (
				8ABBC2CF221BBB8A00388D7A /* Base */,
			);
			name = LaunchScreen.storyboard;
			sourceTree = "<group>";
		};
/* End PBXVariantGroup section */

/* Begin XCBuildConfiguration section */
		8ABBC2E8221BBB8A00388D7A /* Debug */ = {
			isa = XCBuildConfiguration;
			buildSettings = {
				ALWAYS_SEARCH_USER_PATHS = NO;
				CLANG_ANALYZER_NONNULL = YES;
				CLANG_ANALYZER_NUMBER_OBJECT_CONVERSION = YES_AGGRESSIVE;
				CLANG_CXX_LANGUAGE_STANDARD = "gnu++14";
				CLANG_CXX_LIBRARY = "libc++";
				CLANG_ENABLE_MODULES = YES;
				CLANG_ENABLE_OBJC_ARC = YES;
				CLANG_ENABLE_OBJC_WEAK = YES;
				CLANG_WARN_BLOCK_CAPTURE_AUTORELEASING = YES;
				CLANG_WARN_BOOL_CONVERSION = YES;
				CLANG_WARN_COMMA = YES;
				CLANG_WARN_CONSTANT_CONVERSION = YES;
				CLANG_WARN_DEPRECATED_OBJC_IMPLEMENTATIONS = YES;
				CLANG_WARN_DIRECT_OBJC_ISA_USAGE = YES_ERROR;
				CLANG_WARN_DOCUMENTATION_COMMENTS = YES;
				CLANG_WARN_EMPTY_BODY = YES;
				CLANG_WARN_ENUM_CONVERSION = YES;
				CLANG_WARN_INFINITE_RECURSION = YES;
				CLANG_WARN_INT_CONVERSION = YES;
				CLANG_WARN_NON_LITERAL_NULL_CONVERSION = YES;
				CLANG_WARN_OBJC_IMPLICIT_RETAIN_SELF = YES;
				CLANG_WARN_OBJC_LITERAL_CONVERSION = YES;
				CLANG_WARN_OBJC_ROOT_CLASS = YES_ERROR;
				CLANG_WARN_RANGE_LOOP_ANALYSIS = YES;
				CLANG_WARN_STRICT_PROTOTYPES = YES;
				CLANG_WARN_SUSPICIOUS_MOVE = YES;
				CLANG_WARN_UNGUARDED_AVAILABILITY = YES_AGGRESSIVE;
				CLANG_WARN_UNREACHABLE_CODE = YES;
				CLANG_WARN__DUPLICATE_METHOD_MATCH = YES;
				CODE_SIGN_IDENTITY = "iPhone Developer";
				COPY_PHASE_STRIP = NO;
				DEBUG_INFORMATION_FORMAT = dwarf;
				ENABLE_STRICT_OBJC_MSGSEND = YES;
				ENABLE_TESTABILITY = YES;
				GCC_C_LANGUAGE_STANDARD = gnu11;
				GCC_DYNAMIC_NO_PIC = NO;
				GCC_NO_COMMON_BLOCKS = YES;
				GCC_OPTIMIZATION_LEVEL = 0;
				GCC_PREPROCESSOR_DEFINITIONS = (
					"DEBUG=1",
					"$(inherited)",
				);
				GCC_WARN_64_TO_32_BIT_CONVERSION = YES;
				GCC_WARN_ABOUT_RETURN_TYPE = YES_ERROR;
				GCC_WARN_UNDECLARED_SELECTOR = YES;
				GCC_WARN_UNINITIALIZED_AUTOS = YES_AGGRESSIVE;
				GCC_WARN_UNUSED_FUNCTION = YES;
				GCC_WARN_UNUSED_VARIABLE = YES;
				IPHONEOS_DEPLOYMENT_TARGET = 11.4;
				MTL_ENABLE_DEBUG_INFO = YES;
				ONLY_ACTIVE_ARCH = YES;
				SDKROOT = iphoneos;
				SWIFT_ACTIVE_COMPILATION_CONDITIONS = DEBUG;
				SWIFT_OPTIMIZATION_LEVEL = "-Onone";
			};
			name = Debug;
		};
		8ABBC2E9221BBB8A00388D7A /* Release */ = {
			isa = XCBuildConfiguration;
			buildSettings = {
				ALWAYS_SEARCH_USER_PATHS = NO;
				CLANG_ANALYZER_NONNULL = YES;
				CLANG_ANALYZER_NUMBER_OBJECT_CONVERSION = YES_AGGRESSIVE;
				CLANG_CXX_LANGUAGE_STANDARD = "gnu++14";
				CLANG_CXX_LIBRARY = "libc++";
				CLANG_ENABLE_MODULES = YES;
				CLANG_ENABLE_OBJC_ARC = YES;
				CLANG_ENABLE_OBJC_WEAK = YES;
				CLANG_WARN_BLOCK_CAPTURE_AUTORELEASING = YES;
				CLANG_WARN_BOOL_CONVERSION = YES;
				CLANG_WARN_COMMA = YES;
				CLANG_WARN_CONSTANT_CONVERSION = YES;
				CLANG_WARN_DEPRECATED_OBJC_IMPLEMENTATIONS = YES;
				CLANG_WARN_DIRECT_OBJC_ISA_USAGE = YES_ERROR;
				CLANG_WARN_DOCUMENTATION_COMMENTS = YES;
				CLANG_WARN_EMPTY_BODY = YES;
				CLANG_WARN_ENUM_CONVERSION = YES;
				CLANG_WARN_INFINITE_RECURSION = YES;
				CLANG_WARN_INT_CONVERSION = YES;
				CLANG_WARN_NON_LITERAL_NULL_CONVERSION = YES;
				CLANG_WARN_OBJC_IMPLICIT_RETAIN_SELF = YES;
				CLANG_WARN_OBJC_LITERAL_CONVERSION = YES;
				CLANG_WARN_OBJC_ROOT_CLASS = YES_ERROR;
				CLANG_WARN_RANGE_LOOP_ANALYSIS = YES;
				CLANG_WARN_STRICT_PROTOTYPES = YES;
				CLANG_WARN_SUSPICIOUS_MOVE = YES;
				CLANG_WARN_UNGUARDED_AVAILABILITY = YES_AGGRESSIVE;
				CLANG_WARN_UNREACHABLE_CODE = YES;
				CLANG_WARN__DUPLICATE_METHOD_MATCH = YES;
				CODE_SIGN_IDENTITY = "iPhone Developer";
				COPY_PHASE_STRIP = NO;
				DEBUG_INFORMATION_FORMAT = "dwarf-with-dsym";
				ENABLE_NS_ASSERTIONS = NO;
				ENABLE_STRICT_OBJC_MSGSEND = YES;
				GCC_C_LANGUAGE_STANDARD = gnu11;
				GCC_NO_COMMON_BLOCKS = YES;
				GCC_WARN_64_TO_32_BIT_CONVERSION = YES;
				GCC_WARN_ABOUT_RETURN_TYPE = YES_ERROR;
				GCC_WARN_UNDECLARED_SELECTOR = YES;
				GCC_WARN_UNINITIALIZED_AUTOS = YES_AGGRESSIVE;
				GCC_WARN_UNUSED_FUNCTION = YES;
				GCC_WARN_UNUSED_VARIABLE = YES;
				IPHONEOS_DEPLOYMENT_TARGET = 11.4;
				MTL_ENABLE_DEBUG_INFO = NO;
				SDKROOT = iphoneos;
				SWIFT_COMPILATION_MODE = wholemodule;
				SWIFT_OPTIMIZATION_LEVEL = "-O";
				VALIDATE_PRODUCT = YES;
			};
			name = Release;
		};
		8ABBC2EB221BBB8A00388D7A /* Debug */ = {
			isa = XCBuildConfiguration;
			buildSettings = {
				ASSETCATALOG_COMPILER_APPICON_NAME = AppIcon;
				CODE_SIGN_STYLE = Automatic;
				INFOPLIST_FILE = Planes/Info.plist;
				LD_RUNPATH_SEARCH_PATHS = (
					"$(inherited)",
					"@executable_path/Frameworks",
				);
				PRODUCT_BUNDLE_IDENTIFIER = anhtuan.com.Planes;
				PRODUCT_NAME = "$(TARGET_NAME)";
				SWIFT_VERSION = 4.0;
				TARGETED_DEVICE_FAMILY = "1,2";
			};
			name = Debug;
		};
		8ABBC2EC221BBB8A00388D7A /* Release */ = {
			isa = XCBuildConfiguration;
			buildSettings = {
				ASSETCATALOG_COMPILER_APPICON_NAME = AppIcon;
				CODE_SIGN_STYLE = Automatic;
				INFOPLIST_FILE = Planes/Info.plist;
				LD_RUNPATH_SEARCH_PATHS = (
					"$(inherited)",
					"@executable_path/Frameworks",
				);
				PRODUCT_BUNDLE_IDENTIFIER = anhtuan.com.Planes;
				PRODUCT_NAME = "$(TARGET_NAME)";
				SWIFT_VERSION = 4.0;
				TARGETED_DEVICE_FAMILY = "1,2";
			};
			name = Release;
		};
		8ABBC2EE221BBB8A00388D7A /* Debug */ = {
			isa = XCBuildConfiguration;
			buildSettings = {
				ALWAYS_EMBED_SWIFT_STANDARD_LIBRARIES = YES;
				BUNDLE_LOADER = "$(TEST_HOST)";
				CODE_SIGN_STYLE = Automatic;
				INFOPLIST_FILE = PlanesTests/Info.plist;
				LD_RUNPATH_SEARCH_PATHS = (
					"$(inherited)",
					"@executable_path/Frameworks",
					"@loader_path/Frameworks",
				);
				PRODUCT_BUNDLE_IDENTIFIER = anhtuan.com.PlanesTests;
				PRODUCT_NAME = "$(TARGET_NAME)";
				SWIFT_VERSION = 4.0;
				TARGETED_DEVICE_FAMILY = "1,2";
				TEST_HOST = "$(BUILT_PRODUCTS_DIR)/Planes.app/Planes";
			};
			name = Debug;
		};
		8ABBC2EF221BBB8A00388D7A /* Release */ = {
			isa = XCBuildConfiguration;
			buildSettings = {
				ALWAYS_EMBED_SWIFT_STANDARD_LIBRARIES = YES;
				BUNDLE_LOADER = "$(TEST_HOST)";
				CODE_SIGN_STYLE = Automatic;
				INFOPLIST_FILE = PlanesTests/Info.plist;
				LD_RUNPATH_SEARCH_PATHS = (
					"$(inherited)",
					"@executable_path/Frameworks",
					"@loader_path/Frameworks",
				);
				PRODUCT_BUNDLE_IDENTIFIER = anhtuan.com.PlanesTests;
				PRODUCT_NAME = "$(TARGET_NAME)";
				SWIFT_VERSION = 4.0;
				TARGETED_DEVICE_FAMILY = "1,2";
				TEST_HOST = "$(BUILT_PRODUCTS_DIR)/Planes.app/Planes";
			};
			name = Release;
		};
		8ABBC2F1221BBB8A00388D7A /* Debug */ = {
			isa = XCBuildConfiguration;
			buildSettings = {
				ALWAYS_EMBED_SWIFT_STANDARD_LIBRARIES = YES;
				CODE_SIGN_STYLE = Automatic;
				INFOPLIST_FILE = PlanesUITests/Info.plist;
				LD_RUNPATH_SEARCH_PATHS = (
					"$(inherited)",
					"@executable_path/Frameworks",
					"@loader_path/Frameworks",
				);
				PRODUCT_BUNDLE_IDENTIFIER = anhtuan.com.PlanesUITests;
				PRODUCT_NAME = "$(TARGET_NAME)";
				SWIFT_VERSION = 4.0;
				TARGETED_DEVICE_FAMILY = "1,2";
				TEST_TARGET_NAME = Planes;
			};
			name = Debug;
		};
		8ABBC2F2221BBB8A00388D7A /* Release */ = {
			isa = XCBuildConfiguration;
			buildSettings = {
				ALWAYS_EMBED_SWIFT_STANDARD_LIBRARIES = YES;
				CODE_SIGN_STYLE = Automatic;
				INFOPLIST_FILE = PlanesUITests/Info.plist;
				LD_RUNPATH_SEARCH_PATHS = (
					"$(inherited)",
					"@executable_path/Frameworks",
					"@loader_path/Frameworks",
				);
				PRODUCT_BUNDLE_IDENTIFIER = anhtuan.com.PlanesUITests;
				PRODUCT_NAME = "$(TARGET_NAME)";
				SWIFT_VERSION = 4.0;
				TARGETED_DEVICE_FAMILY = "1,2";
				TEST_TARGET_NAME = Planes;
			};
			name = Release;
		};
/* End XCBuildConfiguration section */

/* Begin XCConfigurationList section */
		8ABBC2BD221BBB8900388D7A /* Build configuration list for PBXProject "Planes" */ = {
			isa = XCConfigurationList;
			buildConfigurations = (
				8ABBC2E8221BBB8A00388D7A /* Debug */,
				8ABBC2E9221BBB8A00388D7A /* Release */,
			);
			defaultConfigurationIsVisible = 0;
			defaultConfigurationName = Release;
		};
		8ABBC2EA221BBB8A00388D7A /* Build configuration list for PBXNativeTarget "Planes" */ = {
			isa = XCConfigurationList;
			buildConfigurations = (
				8ABBC2EB221BBB8A00388D7A /* Debug */,
				8ABBC2EC221BBB8A00388D7A /* Release */,
			);
			defaultConfigurationIsVisible = 0;
			defaultConfigurationName = Release;
		};
		8ABBC2ED221BBB8A00388D7A /* Build configuration list for PBXNativeTarget "PlanesTests" */ = {
			isa = XCConfigurationList;
			buildConfigurations = (
				8ABBC2EE221BBB8A00388D7A /* Debug */,
				8ABBC2EF221BBB8A00388D7A /* Release */,
			);
			defaultConfigurationIsVisible = 0;
			defaultConfigurationName = Release;
		};
		8ABBC2F0221BBB8A00388D7A /* Build configuration list for PBXNativeTarget "PlanesUITests" */ = {
			isa = XCConfigurationList;
			buildConfigurations = (
				8ABBC2F1221BBB8A00388D7A /* Debug */,
				8ABBC2F2221BBB8A00388D7A /* Release */,
			);
			defaultConfigurationIsVisible = 0;
			defaultConfigurationName = Release;
		};
/* End XCConfigurationList section */
	};
	rootObject = 8ABBC2BA221BBB8900388D7A /* Project object */;
}
